lockfileVersion: '9.0'

settings:
  autoInstallPeers: true
  excludeLinksFromLockfile: false

importers:

  .:
    dependencies:
      csv-parser:
        specifier: ^3.2.0
        version: 3.2.0
      dotenv:
        specifier: ^17.2.2
        version: 17.2.2
      youtubei.js:
        specifier: ^15.1.1
        version: 15.1.1

packages:

  '@bufbuild/protobuf@2.8.0':
    resolution: {integrity: sha512-r1/0w5C9dkbcdjyxY8ZHsC5AOWg4Pnzhm2zu7LO4UHSounp2tMm6Y+oioV9zlGbLveE7YaWRDUk48WLxRDgoqg==}

  acorn@8.15.0:
    resolution: {integrity: sha512-NZyJarBfL7nWwIq+FDL6Zp/yHEhePMNnnJ0y3qfieCrmNvYct8uvtiV41UvlSe6apAfk0fY1FbWx+NwfmpvtTg==}
    engines: {node: '>=0.4.0'}
    hasBin: true

  csv-parser@3.2.0:
    resolution: {integrity: sha512-fgKbp+AJbn1h2dcAHKIdKNSSjfp43BZZykXsCjzALjKy80VXQNHPFJ6T9Afwdzoj24aMkq8GwDS7KGcDPpejrA==}
    engines: {node: '>= 10'}
    hasBin: true

  dotenv@17.2.2:
    resolution: {integrity: sha512-Sf2LSQP+bOlhKWWyhFsn0UsfdK/kCWRv1iuA2gXAwt3dyNabr6QSj00I2V10pidqz69soatm9ZwZvpQMTIOd5Q==}
    engines: {node: '>=12'}

  jintr@3.3.1:
    resolution: {integrity: sha512-nnOzyhf0SLpbWuZ270Omwbj5LcXUkTcZkVnK8/veJXtSZOiATM5gMZMdmzN75FmTyj+NVgrGaPdH12zIJ24oIA==}

  undici@6.21.3:
    resolution: {integrity: sha512-gBLkYIlEnSp8pFbT64yFgGE6UIB9tAkhukC23PmMDCe5Nd+cRqKxSjw5y54MK2AZMgZfJWMaNE4nYUHgi1XEOw==}
    engines: {node: '>=18.17'}

  youtubei.js@15.1.1:
    resolution: {integrity: sha512-fuEDj9Ky6cAQg93BrRVCbr+GTYNZQAIFZrx/a3oDRuGc3Mf5bS0dQfoYwwgjtSV7sgAKQEEdGtzRdBzOc8g72Q==}

snapshots:

  '@bufbuild/protobuf@2.8.0': {}

  acorn@8.15.0: {}

  csv-parser@3.2.0: {}

  dotenv@17.2.2: {}

  jintr@3.3.1:
    dependencies:
      acorn: 8.15.0

  undici@6.21.3: {}

  youtubei.js@15.1.1:
    dependencies:
      '@bufbuild/protobuf': 2.8.0
      jintr: 3.3.1
      undici: 6.21.3
